// !$*UTF8*$!
{
	archiveVersion = 1;
	classes = {
	};
	objectVersion = 77;
	objects = {

/* Begin PBXBuildFile section */
		9F3936D52F8E1F7D00F3AA7A /* WebPConverterMac in Frameworks */ = {isa = PBXBuildFile; productRef = 9F3936D42F8E1F7D00F3AA7A /* WebPConverterMac */; };
		9F6A32262F8E238E00E22BC1 /* Icon Orlo.icon in Resources */ = {isa = PBXBuildFile; fileRef = 9F6A32122F8E238E00E22BC1 /* Icon Orlo.icon */; };
		9F6A32272F8E238E00E22BC1 /* Localizable.xcstrings in Resources */ = {isa = PBXBuildFile; fileRef = 9F6A32132F8E238E00E22BC1 /* Localizable.xcstrings */; };
		9F6A32282F8E238E00E22BC1 /* WebPConverterMacApp.swift in Sources */ = {isa = PBXBuildFile; fileRef = 9F6A32242F8E238E00E22BC1 /* WebPConverterMacApp.swift */; };
		9F6A32292F8E238E00E22BC1 /* NSItemProvider+Async.swift in Sources */ = {isa = PBXBuildFile; fileRef = 9F6A32182F8E238E00E22BC1 /* NSItemProvider+Async.swift */; };
		9F6A322A2F8E238E00E22BC1 /* Localization.swift in Sources */ = {isa = PBXBuildFile; fileRef = 9F6A32232F8E238E00E22BC1 /* Localization.swift */; };
		9F6A322B2F8E238E00E22BC1 /* LanguageSelectionView.swift in Sources */ = {isa = PBXBuildFile; fileRef = 9F6A321F2F8E238E00E22BC1 /* LanguageSelectionView.swift */; };
		9F6A322C2F8E238E00E22BC1 /* ConversionModels.swift in Sources */ = {isa = PBXBuildFile; fileRef = 9F6A32102F8E238E00E22BC1 /* ConversionModels.swift */; };
		9F6A322D2F8E238E00E22BC1 /* HeaderView.swift in Sources */ = {isa = PBXBuildFile; fileRef = 9F6A321E2F8E238E00E22BC1 /* HeaderView.swift */; };
		9F6A322E2F8E238E00E22BC1 /* ConversionPresetStore.swift in Sources */ = {isa = PBXBuildFile; fileRef = 9F6A32152F8E238E00E22BC1 /* ConversionPresetStore.swift */; };
		9F6A322F2F8E238E00E22BC1 /* AppKitCommitTextField.swift in Sources */ = {isa = PBXBuildFile; fileRef = 9F6A321C2F8E238E00E22BC1 /* AppKitCommitTextField.swift */; };
		9F6A32302F8E238E00E22BC1 /* Color+Hex.swift in Sources */ = {isa = PBXBuildFile; fileRef = 9F6A320E2F8E238E00E22BC1 /* Color+Hex.swift */; };
		9F6A32312F8E238E00E22BC1 /* SidebarSettings.swift in Sources */ = {isa = PBXBuildFile; fileRef = 9F6A32212F8E238E00E22BC1 /* SidebarSettings.swift */; };
		9F6A32322F8E238E00E22BC1 /* ContentView.swift in Sources */ = {isa = PBXBuildFile; fileRef = 9F6A321D2F8E238E00E22BC1 /* ContentView.swift */; };
		9F6A32332F8E238E00E22BC1 /* FileService.swift in Sources */ = {isa = PBXBuildFile; fileRef = 9F6A32162F8E238E00E22BC1 /* FileService.swift */; };
		9F6A32342F8E238E00E22BC1 /* LiquidGlassCard.swift in Sources */ = {isa = PBXBuildFile; fileRef = 9F6A32202F8E238E00E22BC1 /* LiquidGlassCard.swift */; };
		9F6A32352F8E238E00E22BC1 /* ConversionViewModel.swift in Sources */ = {isa = PBXBuildFile; fileRef = 9F6A321A2F8E238E00E22BC1 /* ConversionViewModel.swift */; };
		9F6A32362F8E238E00E22BC1 /* ImageConversionService.swift in Sources */ = {isa = PBXBuildFile; fileRef = 9F6A32172F8E238E00E22BC1 /* ImageConversionService.swift */; };
		9F6A323B2F8E23AB00E22BC1 /* README.md in Resources */ = {isa = PBXBuildFile; fileRef = 9F6A323A2F8E23AB00E22BC1 /* README.md */; };
		9F6A323C2F8E23AB00E22BC1 /* HeaderView.swift in Sources */ = {isa = PBXBuildFile; fileRef = 9F6A32372F8E23AB00E22BC1 /* HeaderView.swift */; };
		9F6A323D2F8E23AB00E22BC1 /* Package.swift in Sources */ = {isa = PBXBuildFile; fileRef = 9F6A32392F8E23AB00E22BC1 /* Package.swift */; };
		9F6A323E2F8E23AB00E22BC1 /* OrloDesign.swift in Sources */ = {isa = PBXBuildFile; fileRef = 9F6A32382F8E23AB00E22BC1 /* OrloDesign.swift */; };
/* End PBXBuildFile section */

/* Begin PBXFileReference section */
		9F3936C52F8E1DDC00F3AA7A /* Orlo.app */ = {isa = PBXFileReference; explicitFileType = wrapper.application; includeInIndex = 0; path = Orlo.app; sourceTree = BUILT_PRODUCTS_DIR; };
		9F6A320E2F8E238E00E22BC1 /* Color+Hex.swift */ = {isa = PBXFileReference; lastKnownFileType = sourcecode.swift; path = "Color+Hex.swift"; sourceTree = "<group>"; };
		9F6A32102F8E238E00E22BC1 /* ConversionModels.swift */ = {isa = PBXFileReference; lastKnownFileType = sourcecode.swift; path = ConversionModels.swift; sourceTree = "<group>"; };
		9F6A32122F8E238E00E22BC1 /* Icon Orlo.icon */ = {isa = PBXFileReference; lastKnownFileType = folder.iconcomposer.icon; path = "Icon Orlo.icon"; sourceTree = "<group>"; };
		9F6A32132F8E238E00E22BC1 /* Localizable.xcstrings */ = {isa = PBXFileReference; lastKnownFileType = text.json.xcstrings; path = Localizable.xcstrings; sourceTree = "<group>"; };
		9F6A32152F8E238E00E22BC1 /* ConversionPresetStore.swift */ = {isa = PBXFileReference; lastKnownFileType = sourcecode.swift; path = ConversionPresetStore.swift; sourceTree = "<group>"; };
		9F6A32162F8E238E00E22BC1 /* FileService.swift */ = {isa = PBXFileReference; lastKnownFileType = sourcecode.swift; path = FileService.swift; sourceTree = "<group>"; };
		9F6A32172F8E238E00E22BC1 /* ImageConversionService.swift */ = {isa = PBXFileReference; lastKnownFileType = sourcecode.swift; path = ImageConversionService.swift; sourceTree = "<group>"; };
		9F6A32182F8E238E00E22BC1 /* NSItemProvider+Async.swift */ = {isa = PBXFileReference; lastKnownFileType = sourcecode.swift; path = "NSItemProvider+Async.swift"; sourceTree = "<group>"; };
		9F6A321A2F8E238E00E22BC1 /* ConversionViewModel.swift */ = {isa = PBXFileReference; lastKnownFileType = sourcecode.swift; path = ConversionViewModel.swift; sourceTree = "<group>"; };
		9F6A321C2F8E238E00E22BC1 /* AppKitCommitTextField.swift */ = {isa = PBXFileReference; lastKnownFileType = sourcecode.swift; path = AppKitCommitTextField.swift; sourceTree = "<group>"; };
		9F6A321D2F8E238E00E22BC1 /* ContentView.swift */ = {isa = PBXFileReference; lastKnownFileType = sourcecode.swift; path = ContentView.swift; sourceTree = "<group>"; };
		9F6A321E2F8E238E00E22BC1 /* HeaderView.swift */ = {isa = PBXFileReference; lastKnownFileType = sourcecode.swift; path = HeaderView.swift; sourceTree = "<group>"; };
		9F6A321F2F8E238E00E22BC1 /* LanguageSelectionView.swift */ = {isa = PBXFileReference; lastKnownFileType = sourcecode.swift; path = LanguageSelectionView.swift; sourceTree = "<group>"; };
		9F6A32202F8E238E00E22BC1 /* LiquidGlassCard.swift */ = {isa = PBXFileReference; lastKnownFileType = sourcecode.swift; path = LiquidGlassCard.swift; sourceTree = "<group>"; };
		9F6A32212F8E238E00E22BC1 /* SidebarSettings.swift */ = {isa = PBXFileReference; lastKnownFileType = sourcecode.swift; path = SidebarSettings.swift; sourceTree = "<group>"; };
		9F6A32232F8E238E00E22BC1 /* Localization.swift */ = {isa = PBXFileReference; lastKnownFileType = sourcecode.swift; path = Localization.swift; sourceTree = "<group>"; };
		9F6A32242F8E238E00E22BC1 /* WebPConverterMacApp.swift */ = {isa = PBXFileReference; lastKnownFileType = sourcecode.swift; path = WebPConverterMacApp.swift; sourceTree = "<group>"; };
		9F6A32372F8E23AB00E22BC1 /* HeaderView.swift */ = {isa = PBXFileReference; lastKnownFileType = sourcecode.swift; name = HeaderView.swift; path = "/Users/LucasMinelli/webp-converter-mac/HeaderView.swift"; sourceTree = "<absolute>"; };
		9F6A32382F8E23AB00E22BC1 /* OrloDesign.swift */ = {isa = PBXFileReference; lastKnownFileType = sourcecode.swift; name = OrloDesign.swift; path = "/Users/LucasMinelli/webp-converter-mac/OrloDesign.swift"; sourceTree = "<absolute>"; };
		9F6A32392F8E23AB00E22BC1 /* Package.swift */ = {isa = PBXFileReference; lastKnownFileType = sourcecode.swift; name = Package.swift; path = "/Users/LucasMinelli/webp-converter-mac/Package.swift"; sourceTree = "<absolute>"; };
		9F6A323A2F8E23AB00E22BC1 /* README.md */ = {isa = PBXFileReference; lastKnownFileType = net.daringfireball.markdown; name = README.md; path = "/Users/LucasMinelli/webp-converter-mac/README.md"; sourceTree = "<absolute>"; };
/* End PBXFileReference section */

/* Begin PBXFileSystemSynchronizedRootGroup section */
		9F3936C72F8E1DDC00F3AA7A /* Orlo */ = {
			isa = PBXFileSystemSynchronizedRootGroup;
			path = Orlo;
			sourceTree = "<group>";
		};
/* End PBXFileSystemSynchronizedRootGroup section */

/* Begin PBXFrameworksBuildPhase section */
		9F3936C22F8E1DDC00F3AA7A /* Frameworks */ = {
			isa = PBXFrameworksBuildPhase;
			buildActionMask = 2147483647;
			files = (
				9F3936D52F8E1F7D00F3AA7A /* WebPConverterMac in Frameworks */,
			);
			runOnlyForDeploymentPostprocessing = 0;
		};
/* End PBXFrameworksBuildPhase section */

/* Begin PBXGroup section */
		9F3936BC2F8E1DDC00F3AA7A = {
			isa = PBXGroup;
			children = (
				9F6A32372F8E23AB00E22BC1 /* HeaderView.swift */,
				9F6A32382F8E23AB00E22BC1 /* OrloDesign.swift */,
				9F6A32392F8E23AB00E22BC1 /* Package.swift */,
				9F6A323A2F8E23AB00E22BC1 /* README.md */,
				9F6A32252F8E238E00E22BC1 /* WebPConverterMac */,
				9F3936C72F8E1DDC00F3AA7A /* Orlo */,
				9F3936C62F8E1DDC00F3AA7A /* Products */,
			);
			sourceTree = "<group>";
		};
		9F3936C62F8E1DDC00F3AA7A /* Products */ = {
			isa = PBXGroup;
			children = (
				9F3936C52F8E1DDC00F3AA7A /* Orlo.app */,
			);
			name = Products;
			sourceTree = "<group>";
		};
		9F6A320F2F8E238E00E22BC1 /* Extensions */ = {
			isa = PBXGroup;
			children = (
				9F6A320E2F8E238E00E22BC1 /* Color+Hex.swift */,
			);
			path = Extensions;
			sourceTree = "<group>";
		};
		9F6A32112F8E238E00E22BC1 /* Models */ = {
			isa = PBXGroup;
			children = (
				9F6A32102F8E238E00E22BC1 /* ConversionModels.swift */,
			);
			path = Models;
			sourceTree = "<group>";
		};
		9F6A32142F8E238E00E22BC1 /* Resources */ = {
			isa = PBXGroup;
			children = (
				9F6A32122F8E238E00E22BC1 /* Icon Orlo.icon */,
				9F6A32132F8E238E00E22BC1 /* Localizable.xcstrings */,
			);
			path = Resources;
			sourceTree = "<group>";
		};
		9F6A32192F8E238E00E22BC1 /* Services */ = {
			isa = PBXGroup;
			children = (
				9F6A32152F8E238E00E22BC1 /* ConversionPresetStore.swift */,
				9F6A32162F8E238E00E22BC1 /* FileService.swift */,
				9F6A32172F8E238E00E22BC1 /* ImageConversionService.swift */,
				9F6A32182F8E238E00E22BC1 /* NSItemProvider+Async.swift */,
			);
			path = Services;
			sourceTree = "<group>";
		};
		9F6A321B2F8E238E00E22BC1 /* ViewModels */ = {
			isa = PBXGroup;
			children = (
				9F6A321A2F8E238E00E22BC1 /* ConversionViewModel.swift */,
			);
			path = ViewModels;
			sourceTree = "<group>";
		};
		9F6A32222F8E238E00E22BC1 /* Views */ = {
			isa = PBXGroup;
			children = (
				9F6A321C2F8E238E00E22BC1 /* AppKitCommitTextField.swift */,
				9F6A321D2F8E238E00E22BC1 /* ContentView.swift */,
				9F6A321E2F8E238E00E22BC1 /* HeaderView.swift */,
				9F6A321F2F8E238E00E22BC1 /* LanguageSelectionView.swift */,
				9F6A32202F8E238E00E22BC1 /* LiquidGlassCard.swift */,
				9F6A32212F8E238E00E22BC1 /* SidebarSettings.swift */,
			);
			path = Views;
			sourceTree = "<group>";
		};
		9F6A32252F8E238E00E22BC1 /* WebPConverterMac */ = {
			isa = PBXGroup;
			children = (
				9F6A320F2F8E238E00E22BC1 /* Extensions */,
				9F6A32112F8E238E00E22BC1 /* Models */,
				9F6A32142F8E238E00E22BC1 /* Resources */,
				9F6A32192F8E238E00E22BC1 /* Services */,
				9F6A321B2F8E238E00E22BC1 /* ViewModels */,
				9F6A32222F8E238E00E22BC1 /* Views */,
				9F6A32232F8E238E00E22BC1 /* Localization.swift */,
				9F6A32242F8E238E00E22BC1 /* WebPConverterMacApp.swift */,
			);
			name = WebPConverterMac;
			path = "/Users/LucasMinelli/webp-converter-mac/Sources/WebPConverterMac";
			sourceTree = "<absolute>";
		};
/* End PBXGroup section */

/* Begin PBXNativeTarget section */
		9F3936C42F8E1DDC00F3AA7A /* Orlo */ = {
			isa = PBXNativeTarget;
			buildConfigurationList = 9F3936D02F8E1DDF00F3AA7A /* Build configuration list for PBXNativeTarget "Orlo" */;
			buildPhases = (
				9F3936C12F8E1DDC00F3AA7A /* Sources */,
				9F3936C22F8E1DDC00F3AA7A /* Frameworks */,
				9F3936C32F8E1DDC00F3AA7A /* Resources */,
			);
			buildRules = (
			);
			dependencies = (
			);
			fileSystemSynchronizedGroups = (
				9F3936C72F8E1DDC00F3AA7A /* Orlo */,
			);
			name = Orlo;
			packageProductDependencies = (
				9F3936D42F8E1F7D00F3AA7A /* WebPConverterMac */,
			);
			productName = Orlo;
			productReference = 9F3936C52F8E1DDC00F3AA7A /* Orlo.app */;
			productType = "com.apple.product-type.application";
		};
/* End PBXNativeTarget section */

/* Begin PBXProject section */
		9F3936BD2F8E1DDC00F3AA7A /* Project object */ = {
			isa = PBXProject;
			attributes = {
				BuildIndependentTargetsInParallel = 1;
				LastSwiftUpdateCheck = 2640;
				LastUpgradeCheck = 2640;
				TargetAttributes = {
					9F3936C42F8E1DDC00F3AA7A = {
						CreatedOnToolsVersion = 26.4;
					};
				};
			};
			buildConfigurationList = 9F3936C02F8E1DDC00F3AA7A /* Build configuration list for PBXProject "Orlo" */;
			developmentRegion = en;
			hasScannedForEncodings = 0;
			knownRegions = (
				en,
				Base,
			);
			mainGroup = 9F3936BC2F8E1DDC00F3AA7A;
			minimizedProjectReferenceProxies = 1;
			packageReferences = (
			);
			preferredProjectObjectVersion = 77;
			productRefGroup = 9F3936C62F8E1DDC00F3AA7A /* Products */;
			projectDirPath = "";
			projectRoot = "";
			targets = (
				9F3936C42F8E1DDC00F3AA7A /* Orlo */,
			);
		};
/* End PBXProject section */

/* Begin PBXResourcesBuildPhase section */
		9F3936C32F8E1DDC00F3AA7A /* Resources */ = {
			isa = PBXResourcesBuildPhase;
			buildActionMask = 2147483647;
			files = (
				9F6A32262F8E238E00E22BC1 /* Icon Orlo.icon in Resources */,
				9F6A32272F8E238E00E22BC1 /* Localizable.xcstrings in Resources */,
				9F6A323B2F8E23AB00E22BC1 /* README.md in Resources */,
			);
			runOnlyForDeploymentPostprocessing = 0;
		};
/* End PBXResourcesBuildPhase section */

/* Begin PBXSourcesBuildPhase section */
		9F3936C12F8E1DDC00F3AA7A /* Sources */ = {
			isa = PBXSourcesBuildPhase;
			buildActionMask = 2147483647;
			files = (
				9F6A323C2F8E23AB00E22BC1 /* HeaderView.swift in Sources */,
				9F6A323D2F8E23AB00E22BC1 /* Package.swift in Sources */,
				9F6A323E2F8E23AB00E22BC1 /* OrloDesign.swift in Sources */,
				9F6A32282F8E238E00E22BC1 /* WebPConverterMacApp.swift in Sources */,
				9F6A32292F8E238E00E22BC1 /* NSItemProvider+Async.swift in Sources */,
				9F6A322A2F8E238E00E22BC1 /* Localization.swift in Sources */,
				9F6A322B2F8E238E00E22BC1 /* LanguageSelectionView.swift in Sources */,
				9F6A322C2F8E238E00E22BC1 /* ConversionModels.swift in Sources */,
				9F6A322D2F8E238E00E22BC1 /* HeaderView.swift in Sources */,
				9F6A322E2F8E238E00E22BC1 /* ConversionPresetStore.swift in Sources */,
				9F6A322F2F8E238E00E22BC1 /* AppKitCommitTextField.swift in Sources */,
				9F6A32302F8E238E00E22BC1 /* Color+Hex.swift in Sources */,
				9F6A32312F8E238E00E22BC1 /* SidebarSettings.swift in Sources */,
				9F6A32322F8E238E00E22BC1 /* ContentView.swift in Sources */,
				9F6A32332F8E238E00E22BC1 /* FileService.swift in Sources */,
				9F6A32342F8E238E00E22BC1 /* LiquidGlassCard.swift in Sources */,
				9F6A32352F8E238E00E22BC1 /* ConversionViewModel.swift in Sources */,
				9F6A32362F8E238E00E22BC1 /* ImageConversionService.swift in Sources */,
			);
			runOnlyForDeploymentPostprocessing = 0;
		};
/* End PBXSourcesBuildPhase section */

/* Begin XCBuildConfiguration section */
		9F3936CE2F8E1DDF00F3AA7A /* Debug */ = {
			isa = XCBuildConfiguration;
			buildSettings = {
				ALWAYS_SEARCH_USER_PATHS = NO;
				ASSETCATALOG_COMPILER_GENERATE_SWIFT_ASSET_SYMBOL_EXTENSIONS = YES;
				CLANG_ANALYZER_NONNULL = YES;
				CLANG_ANALYZER_NUMBER_OBJECT_CONVERSION = YES_AGGRESSIVE;
				CLANG_CXX_LANGUAGE_STANDARD = "gnu++20";
				CLANG_ENABLE_MODULES = YES;
				CLANG_ENABLE_OBJC_ARC = YES;
				CLANG_ENABLE_OBJC_WEAK = YES;
				CLANG_WARN_BLOCK_CAPTURE_AUTORELEASING = YES;
				CLANG_WARN_BOOL_CONVERSION = YES;
				CLANG_WARN_COMMA = YES;
				CLANG_WARN_CONSTANT_CONVERSION = YES;
				CLANG_WARN_DEPRECATED_OBJC_IMPLEMENTATIONS = YES;
				CLANG_WARN_DIRECT_OBJC_ISA_USAGE = YES_ERROR;
				CLANG_WARN_DOCUMENTATION_COMMENTS = YES;
				CLANG_WARN_EMPTY_BODY = YES;
				CLANG_WARN_ENUM_CONVERSION = YES;
				CLANG_WARN_INFINITE_RECURSION = YES;
				CLANG_WARN_INT_CONVERSION = YES;
				CLANG_WARN_NON_LITERAL_NULL_CONVERSION = YES;
				CLANG_WARN_OBJC_IMPLICIT_RETAIN_SELF = YES;
				CLANG_WARN_OBJC_LITERAL_CONVERSION = YES;
				CLANG_WARN_OBJC_ROOT_CLASS = YES_ERROR;
				CLANG_WARN_QUOTED_INCLUDE_IN_FRAMEWORK_HEADER = YES;
				CLANG_WARN_RANGE_LOOP_ANALYSIS = YES;
				CLANG_WARN_STRICT_PROTOTYPES = YES;
				CLANG_WARN_SUSPICIOUS_MOVE = YES;
				CLANG_WARN_UNGUARDED_AVAILABILITY = YES_AGGRESSIVE;
				CLANG_WARN_UNREACHABLE_CODE = YES;
				CLANG_WARN__DUPLICATE_METHOD_MATCH = YES;
				COPY_PHASE_STRIP = NO;
				DEBUG_INFORMATION_FORMAT = dwarf;
				ENABLE_STRICT_OBJC_MSGSEND = YES;
				ENABLE_TESTABILITY = YES;
				ENABLE_USER_SCRIPT_SANDBOXING = YES;
				GCC_C_LANGUAGE_STANDARD = gnu17;
				GCC_DYNAMIC_NO_PIC = NO;
				GCC_NO_COMMON_BLOCKS = YES;
				GCC_OPTIMIZATION_LEVEL = 0;
				GCC_PREPROCESSOR_DEFINITIONS = (
					"DEBUG=1",
					"$(inherited)",
				);
				GCC_WARN_64_TO_32_BIT_CONVERSION = YES;
				GCC_WARN_ABOUT_RETURN_TYPE = YES_ERROR;
				GCC_WARN_UNDECLARED_SELECTOR = YES;
				GCC_WARN_UNINITIALIZED_AUTOS = YES_AGGRESSIVE;
				GCC_WARN_UNUSED_FUNCTION = YES;
				GCC_WARN_UNUSED_VARIABLE = YES;
				LOCALIZATION_PREFERS_STRING_CATALOGS = YES;
				MACOSX_DEPLOYMENT_TARGET = 26.3;
				MTL_ENABLE_DEBUG_INFO = INCLUDE_SOURCE;
				MTL_FAST_MATH = YES;
				ONLY_ACTIVE_ARCH = YES;
				SDKROOT = macosx;
				SWIFT_ACTIVE_COMPILATION_CONDITIONS = "DEBUG $(inherited)";
				SWIFT_OPTIMIZATION_LEVEL = "-Onone";
			};
			name = Debug;
		};
		9F3936CF2F8E1DDF00F3AA7A /* Release */ = {
			isa = XCBuildConfiguration;
			buildSettings = {
				ALWAYS_SEARCH_USER_PATHS = NO;
				ASSETCATALOG_COMPILER_GENERATE_SWIFT_ASSET_SYMBOL_EXTENSIONS = YES;
				CLANG_ANALYZER_NONNULL = YES;
				CLANG_ANALYZER_NUMBER_OBJECT_CONVERSION = YES_AGGRESSIVE;
				CLANG_CXX_LANGUAGE_STANDARD = "gnu++20";
				CLANG_ENABLE_MODULES = YES;
				CLANG_ENABLE_OBJC_ARC = YES;
				CLANG_ENABLE_OBJC_WEAK = YES;
				CLANG_WARN_BLOCK_CAPTURE_AUTORELEASING = YES;
				CLANG_WARN_BOOL_CONVERSION = YES;
				CLANG_WARN_COMMA = YES;
				CLANG_WARN_CONSTANT_CONVERSION = YES;
				CLANG_WARN_DEPRECATED_OBJC_IMPLEMENTATIONS = YES;
				CLANG_WARN_DIRECT_OBJC_ISA_USAGE = YES_ERROR;
				CLANG_WARN_DOCUMENTATION_COMMENTS = YES;
				CLANG_WARN_EMPTY_BODY = YES;
				CLANG_WARN_ENUM_CONVERSION = YES;
				CLANG_WARN_INFINITE_RECURSION = YES;
				CLANG_WARN_INT_CONVERSION = YES;
				CLANG_WARN_NON_LITERAL_NULL_CONVERSION = YES;
				CLANG_WARN_OBJC_IMPLICIT_RETAIN_SELF = YES;
				CLANG_WARN_OBJC_LITERAL_CONVERSION = YES;
				CLANG_WARN_OBJC_ROOT_CLASS = YES_ERROR;
				CLANG_WARN_QUOTED_INCLUDE_IN_FRAMEWORK_HEADER = YES;
				CLANG_WARN_RANGE_LOOP_ANALYSIS = YES;
				CLANG_WARN_STRICT_PROTOTYPES = YES;
				CLANG_WARN_SUSPICIOUS_MOVE = YES;
				CLANG_WARN_UNGUARDED_AVAILABILITY = YES_AGGRESSIVE;
				CLANG_WARN_UNREACHABLE_CODE = YES;
				CLANG_WARN__DUPLICATE_METHOD_MATCH = YES;
				COPY_PHASE_STRIP = NO;
				DEBUG_INFORMATION_FORMAT = "dwarf-with-dsym";
				ENABLE_NS_ASSERTIONS = NO;
				ENABLE_STRICT_OBJC_MSGSEND = YES;
				ENABLE_USER_SCRIPT_SANDBOXING = YES;
				GCC_C_LANGUAGE_STANDARD = gnu17;
				GCC_NO_COMMON_BLOCKS = YES;
				GCC_WARN_64_TO_32_BIT_CONVERSION = YES;
				GCC_WARN_ABOUT_RETURN_TYPE = YES_ERROR;
				GCC_WARN_UNDECLARED_SELECTOR = YES;
				GCC_WARN_UNINITIALIZED_AUTOS = YES_AGGRESSIVE;
				GCC_WARN_UNUSED_FUNCTION = YES;
				GCC_WARN_UNUSED_VARIABLE = YES;
				LOCALIZATION_PREFERS_STRING_CATALOGS = YES;
				MACOSX_DEPLOYMENT_TARGET = 26.3;
				MTL_ENABLE_DEBUG_INFO = NO;
				MTL_FAST_MATH = YES;
				SDKROOT = macosx;
				SWIFT_COMPILATION_MODE = wholemodule;
			};
			name = Release;
		};
		9F3936D12F8E1DDF00F3AA7A /* Debug */ = {
			isa = XCBuildConfiguration;
			buildSettings = {
				ASSETCATALOG_COMPILER_APPICON_NAME = AppIcon;
				ASSETCATALOG_COMPILER_GLOBAL_ACCENT_COLOR_NAME = AccentColor;
				CODE_SIGN_STYLE = Automatic;
				COMBINE_HIDPI_IMAGES = YES;
				CURRENT_PROJECT_VERSION = 1;
				ENABLE_APP_SANDBOX = YES;
				ENABLE_PREVIEWS = YES;
				ENABLE_USER_SELECTED_FILES = readonly;
				GENERATE_INFOPLIST_FILE = YES;
				INFOPLIST_KEY_NSHumanReadableCopyright = "";
				LD_RUNPATH_SEARCH_PATHS = (
					"$(inherited)",
					"@executable_path/../Frameworks",
				);
				MARKETING_VERSION = 1.0;
				PRODUCT_BUNDLE_IDENTIFIER = com.nodoo.Orlo;
				PRODUCT_NAME = "$(TARGET_NAME)";
				REGISTER_APP_GROUPS = YES;
				STRING_CATALOG_GENERATE_SYMBOLS = YES;
				SWIFT_APPROACHABLE_CONCURRENCY = YES;
				SWIFT_DEFAULT_ACTOR_ISOLATION = MainActor;
				SWIFT_EMIT_LOC_STRINGS = YES;
				SWIFT_UPCOMING_FEATURE_MEMBER_IMPORT_VISIBILITY = YES;
				SWIFT_VERSION = 5.0;
			};
			name = Debug;
		};
		9F3936D22F8E1DDF00F3AA7A /* Release */ = {
			isa = XCBuildConfiguration;
			buildSettings = {
				ASSETCATALOG_COMPILER_APPICON_NAME = AppIcon;
				ASSETCATALOG_COMPILER_GLOBAL_ACCENT_COLOR_NAME = AccentColor;
				CODE_SIGN_STYLE = Automatic;
				COMBINE_HIDPI_IMAGES = YES;
				CURRENT_PROJECT_VERSION = 1;
				ENABLE_APP_SANDBOX = YES;
				ENABLE_PREVIEWS = YES;
				ENABLE_USER_SELECTED_FILES = readonly;
				GENERATE_INFOPLIST_FILE = YES;
				INFOPLIST_KEY_NSHumanReadableCopyright = "";
				LD_RUNPATH_SEARCH_PATHS = (
					"$(inherited)",
					"@executable_path/../Frameworks",
				);
				MARKETING_VERSION = 1.0;
				PRODUCT_BUNDLE_IDENTIFIER = com.nodoo.Orlo;
				PRODUCT_NAME = "$(TARGET_NAME)";
				REGISTER_APP_GROUPS = YES;
				STRING_CATALOG_GENERATE_SYMBOLS = YES;
				SWIFT_APPROACHABLE_CONCURRENCY = YES;
				SWIFT_DEFAULT_ACTOR_ISOLATION = MainActor;
				SWIFT_EMIT_LOC_STRINGS = YES;
				SWIFT_UPCOMING_FEATURE_MEMBER_IMPORT_VISIBILITY = YES;
				SWIFT_VERSION = 5.0;
			};
			name = Release;
		};
/* End XCBuildConfiguration section */

/* Begin XCConfigurationList section */
		9F3936C02F8E1DDC00F3AA7A /* Build configuration list for PBXProject "Orlo" */ = {
			isa = XCConfigurationList;
			buildConfigurations = (
				9F3936CE2F8E1DDF00F3AA7A /* Debug */,
				9F3936CF2F8E1DDF00F3AA7A /* Release */,
			);
			defaultConfigurationIsVisible = 0;
			defaultConfigurationName = Release;
		};
		9F3936D02F8E1DDF00F3AA7A /* Build configuration list for PBXNativeTarget "Orlo" */ = {
			isa = XCConfigurationList;
			buildConfigurations = (
				9F3936D12F8E1DDF00F3AA7A /* Debug */,
				9F3936D22F8E1DDF00F3AA7A /* Release */,
			);
			defaultConfigurationIsVisible = 0;
			defaultConfigurationName = Release;
		};
/* End XCConfigurationList section */

/* Begin XCSwiftPackageProductDependency section */
		9F3936D42F8E1F7D00F3AA7A /* WebPConverterMac */ = {
			isa = XCSwiftPackageProductDependency;
			productName = WebPConverterMac;
		};
/* End XCSwiftPackageProductDependency section */
	};
	rootObject = 9F3936BD2F8E1DDC00F3AA7A /* Project object */;
}
